schema: '2.0'
stages:
  data_ingestion:
    cmd: python src/data_ingestion.py
    deps:
    - path: src/data_ingestion.py
      hash: md5
      md5: 62221f4e418be64112f735f2f86895c7
      size: 3306
    outs:
    - path: data/raw
      hash: md5
      md5: 9ae032a3d86358a00ee91782a9f79c5b.dir
      size: 484846
      nfiles: 2
  data_preprocessing:
    cmd: python src/data_preprocessing.py
    deps:
    - path: data/raw
      hash: md5
      md5: 9ae032a3d86358a00ee91782a9f79c5b.dir
      size: 484846
      nfiles: 2
    - path: src/data_preprocessing.py
      hash: md5
      md5: 886aae4b3db8967fedb72bc4fc1a45cd
      size: 2853
    outs:
    - path: data/interim
      hash: md5
      md5: 8334f5e06ea6e9a07de7e6894b89539c.dir
      size: 262407
      nfiles: 2
  feature_eng:
    cmd: python src/feature_eng.py
    deps:
    - path: data/interim
      hash: md5
      md5: 8334f5e06ea6e9a07de7e6894b89539c.dir
      size: 262407
      nfiles: 2
    - path: src/feature_eng.py
      hash: md5
      md5: e95732f785ae5706f68f8f2d2e450c34
      size: 3523
    outs:
    - path: data/processed
      hash: md5
      md5: bf45dec75c35b5469e1db77ed59b169f.dir
      size: 1187992
      nfiles: 2
  model_train:
    cmd: python src/model_train.py
    deps:
    - path: data/processed
      hash: md5
      md5: bf45dec75c35b5469e1db77ed59b169f.dir
      size: 1187992
      nfiles: 2
    - path: src/model_train.py
      hash: md5
      md5: 42ea68cd6ee557c8dbf930b58235c334
      size: 3274
    outs:
    - path: models/model.pkl
      hash: md5
      md5: 246424307488de5e813be01d04bcd3e8
      size: 1004055
  model_evaluation:
    cmd: python src/model_evaluation.py
    deps:
    - path: models/model.pkl
      hash: md5
      md5: 246424307488de5e813be01d04bcd3e8
      size: 1004055
    - path: src/model_evaluation.py
      hash: md5
      md5: c34e291e76c3cabb356603bfe19c3136
      size: 3408
    outs:
    - path: reports/metrics.json
      hash: md5
      md5: 9ef150efb9753a1cf5dabd544a83573a
      size: 40
