schema: '2.0'
stages:
  data_ingestion:
    cmd: python src/data_ingestion.py
    deps:
    - path: src/data_ingestion.py
      hash: md5
      md5: a3c1e51fe3e8955097572f2a7fbae22b
      size: 3274
    params:
      params.yaml:
        data_ingestion.test_size: 0.2
    outs:
    - path: data/raw
      hash: md5
      md5: 9ae032a3d86358a00ee91782a9f79c5b.dir
      size: 484846
      nfiles: 2
  data_preprocessing:
    cmd: python src/data_preprocessing.py
    deps:
    - path: data/raw
      hash: md5
      md5: 9ae032a3d86358a00ee91782a9f79c5b.dir
      size: 484846
      nfiles: 2
    - path: src/data_preprocessing.py
      hash: md5
      md5: 886aae4b3db8967fedb72bc4fc1a45cd
      size: 2853
    outs:
    - path: data/interim
      hash: md5
      md5: 8334f5e06ea6e9a07de7e6894b89539c.dir
      size: 262407
      nfiles: 2
  feature_eng:
    cmd: python src/feature_eng.py
    deps:
    - path: data/interim
      hash: md5
      md5: 8334f5e06ea6e9a07de7e6894b89539c.dir
      size: 262407
      nfiles: 2
    - path: src/feature_eng.py
      hash: md5
      md5: dbb53dd22470a572be1df02fadd726c5
      size: 3491
    params:
      params.yaml:
        feature_eng.max_features: 1000
    outs:
    - path: data/processed
      hash: md5
      md5: 9c1fd20e8849d72f06f26def5c3e285d.dir
      size: 21666562
      nfiles: 2
  model_train:
    cmd: python src/model_train.py
    deps:
    - path: data/processed
      hash: md5
      md5: 9c1fd20e8849d72f06f26def5c3e285d.dir
      size: 21666562
      nfiles: 2
    - path: src/model_train.py
      hash: md5
      md5: 45b57ae743af2573d295668ecde24d8d
      size: 3242
    params:
      params.yaml:
        model_train.n_estimators: 100
        model_train.random_state: 42
    outs:
    - path: models/model.pkl
      hash: md5
      md5: 4731e35f4f8930d2beb68f88ce9a115b
      size: 7708884
  model_evaluation:
    cmd: python src/model_evaluation.py
    deps:
    - path: models/model.pkl
      hash: md5
      md5: 4731e35f4f8930d2beb68f88ce9a115b
      size: 7708884
    - path: src/model_evaluation.py
      hash: md5
      md5: 017b61f2619300086241a28c19216058
      size: 2605
    outs:
    - path: reports/metrics.json
      hash: md5
      md5: 8be0a756e7a8f7b338a8cb4933ed666c
      size: 40
