schema: '2.0'
stages:
  data_ingestion:
    cmd: python src/data_ingestion.py
    deps:
    - path: src/data_ingestion.py
      hash: md5
      md5: c05aedaa25c517562dfda4dd8ff9a8f7
      size: 3274
    params:
      params.yaml:
        data_ingestion.test_size: 0.4
    outs:
    - path: data/raw
      hash: md5
      md5: f8107ffd8c7d3d0f9fea220279388280.dir
      size: 484846
      nfiles: 2
  data_preprocessing:
    cmd: python src/data_preprocessing.py
    deps:
    - path: data/raw
      hash: md5
      md5: f8107ffd8c7d3d0f9fea220279388280.dir
      size: 484846
      nfiles: 2
    - path: src/data_preprocessing.py
      hash: md5
      md5: 886aae4b3db8967fedb72bc4fc1a45cd
      size: 2853
    outs:
    - path: data/interim
      hash: md5
      md5: 6de591785d1b9bb4a881691950660a0d.dir
      size: 264428
      nfiles: 2
  feature_eng:
    cmd: python src/feature_eng.py
    deps:
    - path: data/interim
      hash: md5
      md5: 6de591785d1b9bb4a881691950660a0d.dir
      size: 264428
      nfiles: 2
    - path: src/feature_eng.py
      hash: md5
      md5: dbb53dd22470a572be1df02fadd726c5
      size: 3491
    params:
      params.yaml:
        feature_eng.max_features: 40
    outs:
    - path: data/processed
      hash: md5
      md5: 8a90ea8fa42d8f9928ef8a76b472592b.dir
      size: 962354
      nfiles: 2
  model_train:
    cmd: python src/model_train.py
    deps:
    - path: data/processed
      hash: md5
      md5: 8a90ea8fa42d8f9928ef8a76b472592b.dir
      size: 962354
      nfiles: 2
    - path: src/model_train.py
      hash: md5
      md5: bb395fde1b002a246ba3deb13258dc97
      size: 3244
    params:
      params.yaml:
        model_train.n_estimators: 25
        model_train.random_state: 2
    outs:
    - path: models/model.pkl
      hash: md5
      md5: 36d81ecbe972a39e5df99af212bce0b0
      size: 703699
  model_evaluation:
    cmd: python src/model_evaluation.py
    deps:
    - path: models/model.pkl
      hash: md5
      md5: 36d81ecbe972a39e5df99af212bce0b0
      size: 703699
    - path: src/model_evaluation.py
      hash: md5
      md5: ae257fa15d516dd63b43d5c76ac505fb
      size: 3367
    outs:
    - path: reports/metrics.json
      hash: md5
      md5: 7ffa3299c9a607f1a8d9a58575390202
      size: 40
